
Microsoft Visual Studio Solution File, Format Version 12.00
# Visual Studio Version 17
VisualStudioVersion = 17.1.32421.90
MinimumVisualStudioVersion = 10.0.40219.1
Project("{888888A0-9F3D-457C-B088-3A5042F75D52}") = "Tetris", "Tetris\Tetris.pyproj", "{B74FEA3B-0A99-4EE0-B96C-49377136D33D}"
EndProject
Global
	GlobalSection(SolutionConfigurationPlatforms) = preSolution
		Debug|Any CPU = Debug|Any CPU
		Release|Any CPU = Release|Any CPU
	EndGlobalSection
	GlobalSection(ProjectConfigurationPlatforms) = postSolution
		{B74FEA3B-0A99-4EE0-B96C-49377136D33D}.Debug|Any CPU.ActiveCfg = Debug|Any CPU
		{B74FEA3B-0A99-4EE0-B96C-49377136D33D}.Release|Any CPU.ActiveCfg = Release|Any CPU
	EndGlobalSection
	GlobalSection(SolutionProperties) = preSolution
		HideSolutionNode = FALSE
	EndGlobalSection
	GlobalSection(ExtensibilityGlobals) = postSolution
		SolutionGuid = {D5D6C8DC-6637-4C94-9879-D8E532937933}
	EndGlobalSection
EndGlobal
